{
  "name": "NiemVuiTuDao",
  "version": "1.0.0",
  "lockfileVersion": 2,
  "requires": true,
  "packages": {
    "": {
      "name": "NiemVuiTuDao",
      "version": "1.0.0",
      "dependencies": {
        "@syncfusion/ej2-inputs": "^19.4.48"
      }
    },
    "node_modules/@syncfusion/ej2-base": {
      "version": "19.4.48",
      "resolved": "https://registry.npmjs.org/@syncfusion/ej2-base/-/ej2-base-19.4.48.tgz",
      "integrity": "sha512-DQ9YXjJoSIM60rTriUJKTkMAACOsW8PTw5hPgujFSPKmLJW1h0jEDFLNvSqyyi0IaDAlStcu+dWrp+mMtaDD9Q==",
      "dependencies": {
        "@syncfusion/ej2-icons": "~19.4.48"
      }
    },
    "node_modules/@syncfusion/ej2-buttons": {
      "version": "19.4.50",
      "resolved": "https://registry.npmjs.org/@syncfusion/ej2-buttons/-/ej2-buttons-19.4.50.tgz",
      "integrity": "sha512-jHnKaU0yAf70Off+K7/2D7WyT+Nva8yYqENDnSbrMxEzzwLQaQrgdex+nSjnupGzW5+WUCXtfdDHrp2cCYGLtQ==",
      "dependencies": {
        "@syncfusion/ej2-base": "~19.4.48"
      }
    },
    "node_modules/@syncfusion/ej2-icons": {
      "version": "19.4.48",
      "resolved": "https://registry.npmjs.org/@syncfusion/ej2-icons/-/ej2-icons-19.4.48.tgz",
      "integrity": "sha512-aUByOjKgIDx/EZlVW002MPvzPRdqfKG3H1oLUceg3zcOKuw8R/RSqk89VZV8xtCoIoBNFP0M+fJTXPiO1lQWqQ=="
    },
    "node_modules/@syncfusion/ej2-inputs": {
      "version": "19.4.48",
      "resolved": "https://registry.npmjs.org/@syncfusion/ej2-inputs/-/ej2-inputs-19.4.48.tgz",
      "integrity": "sha512-aXubnHmFHvUMxrMGrT8O+4o8WAhQMEIXhiJcTaMKwe2MLBSJZrsNp9kRb/En7f2QFOJZs/uciy1BCJPyfpuhnQ==",
      "dependencies": {
        "@syncfusion/ej2-base": "~19.4.48",
        "@syncfusion/ej2-buttons": "~19.4.48",
        "@syncfusion/ej2-popups": "~19.4.48",
        "@syncfusion/ej2-splitbuttons": "~19.4.48"
      }
    },
    "node_modules/@syncfusion/ej2-popups": {
      "version": "19.4.50",
      "resolved": "https://registry.npmjs.org/@syncfusion/ej2-popups/-/ej2-popups-19.4.50.tgz",
      "integrity": "sha512-ktamqQL1VZ/DYDp+SiD+L0bK1Jc4ldyy9S2kTGEelMgerm8XofIQXDgmjpPf9l/9DE0qcgNUE6p20L0fKIUoGA==",
      "dependencies": {
        "@syncfusion/ej2-base": "~19.4.48",
        "@syncfusion/ej2-buttons": "~19.4.50"
      }
    },
    "node_modules/@syncfusion/ej2-splitbuttons": {
      "version": "19.4.48",
      "resolved": "https://registry.npmjs.org/@syncfusion/ej2-splitbuttons/-/ej2-splitbuttons-19.4.48.tgz",
      "integrity": "sha512-q1xI7wXIcoNclkYsln/MsET9BLwPzIYIMu2mVlue/XLGrQqgZHe94AId3+E0muF3i6CHY7FY7J1ux6AM1CFkuQ==",
      "dependencies": {
        "@syncfusion/ej2-base": "~19.4.48",
        "@syncfusion/ej2-popups": "~19.4.48"
      }
    }
  },
  "dependencies": {
    "@syncfusion/ej2-base": {
      "version": "19.4.48",
      "resolved": "https://registry.npmjs.org/@syncfusion/ej2-base/-/ej2-base-19.4.48.tgz",
      "integrity": "sha512-DQ9YXjJoSIM60rTriUJKTkMAACOsW8PTw5hPgujFSPKmLJW1h0jEDFLNvSqyyi0IaDAlStcu+dWrp+mMtaDD9Q==",
      "requires": {
        "@syncfusion/ej2-icons": "~19.4.48"
      }
    },
    "@syncfusion/ej2-buttons": {
      "version": "19.4.50",
      "resolved": "https://registry.npmjs.org/@syncfusion/ej2-buttons/-/ej2-buttons-19.4.50.tgz",
      "integrity": "sha512-jHnKaU0yAf70Off+K7/2D7WyT+Nva8yYqENDnSbrMxEzzwLQaQrgdex+nSjnupGzW5+WUCXtfdDHrp2cCYGLtQ==",
      "requires": {
        "@syncfusion/ej2-base": "~19.4.48"
      }
    },
    "@syncfusion/ej2-icons": {
      "version": "19.4.48",
      "resolved": "https://registry.npmjs.org/@syncfusion/ej2-icons/-/ej2-icons-19.4.48.tgz",
      "integrity": "sha512-aUByOjKgIDx/EZlVW002MPvzPRdqfKG3H1oLUceg3zcOKuw8R/RSqk89VZV8xtCoIoBNFP0M+fJTXPiO1lQWqQ=="
    },
    "@syncfusion/ej2-inputs": {
      "version": "19.4.48",
      "resolved": "https://registry.npmjs.org/@syncfusion/ej2-inputs/-/ej2-inputs-19.4.48.tgz",
      "integrity": "sha512-aXubnHmFHvUMxrMGrT8O+4o8WAhQMEIXhiJcTaMKwe2MLBSJZrsNp9kRb/En7f2QFOJZs/uciy1BCJPyfpuhnQ==",
      "requires": {
        "@syncfusion/ej2-base": "~19.4.48",
        "@syncfusion/ej2-buttons": "~19.4.48",
        "@syncfusion/ej2-popups": "~19.4.48",
        "@syncfusion/ej2-splitbuttons": "~19.4.48"
      }
    },
    "@syncfusion/ej2-popups": {
      "version": "19.4.50",
      "resolved": "https://registry.npmjs.org/@syncfusion/ej2-popups/-/ej2-popups-19.4.50.tgz",
      "integrity": "sha512-ktamqQL1VZ/DYDp+SiD+L0bK1Jc4ldyy9S2kTGEelMgerm8XofIQXDgmjpPf9l/9DE0qcgNUE6p20L0fKIUoGA==",
      "requires": {
        "@syncfusion/ej2-base": "~19.4.48",
        "@syncfusion/ej2-buttons": "~19.4.50"
      }
    },
    "@syncfusion/ej2-splitbuttons": {
      "version": "19.4.48",
      "resolved": "https://registry.npmjs.org/@syncfusion/ej2-splitbuttons/-/ej2-splitbuttons-19.4.48.tgz",
      "integrity": "sha512-q1xI7wXIcoNclkYsln/MsET9BLwPzIYIMu2mVlue/XLGrQqgZHe94AId3+E0muF3i6CHY7FY7J1ux6AM1CFkuQ==",
      "requires": {
        "@syncfusion/ej2-base": "~19.4.48",
        "@syncfusion/ej2-popups": "~19.4.48"
      }
    }
  }
}
